
Microsoft Visual Studio Solution File, Format Version 12.00
# Visual Studio Version 17
VisualStudioVersion = 17.4.33213.308
MinimumVisualStudioVersion = 10.0.40219.1
Project("{FAE04EC0-301F-11D3-BF4B-00C04F79EFBC}") = "WindowsFormsApp3", "WindowsFormsApp3\WindowsFormsApp3.csproj", "{A7633976-C2E8-44C4-85E4-5AF19F970C91}"
EndProject
Global
	GlobalSection(SolutionConfigurationPlatforms) = preSolution
		Debug|Any CPU = Debug|Any CPU
		Release|Any CPU = Release|Any CPU
	EndGlobalSection
	GlobalSection(ProjectConfigurationPlatforms) = postSolution
		{A7633976-C2E8-44C4-85E4-5AF19F970C91}.Debug|Any CPU.ActiveCfg = Debug|Any CPU
		{A7633976-C2E8-44C4-85E4-5AF19F970C91}.Debug|Any CPU.Build.0 = Debug|Any CPU
		{A7633976-C2E8-44C4-85E4-5AF19F970C91}.Release|Any CPU.ActiveCfg = Release|Any CPU
		{A7633976-C2E8-44C4-85E4-5AF19F970C91}.Release|Any CPU.Build.0 = Release|Any CPU
	EndGlobalSection
	GlobalSection(SolutionProperties) = preSolution
		HideSolutionNode = FALSE
	EndGlobalSection
	GlobalSection(ExtensibilityGlobals) = postSolution
		SolutionGuid = {D3A13463-93BE-4070-AFD9-DCE2AA8CF481}
	EndGlobalSection
EndGlobal
